
Microsoft Visual Studio Solution File, Format Version 12.00
# Visual Studio Version 17
VisualStudioVersion = 17.0.32014.148
MinimumVisualStudioVersion = 10.0.40219.1
Project("{FAE04EC0-301F-11D3-BF4B-00C04F79EFBC}") = "UtilityKnife", "UtilityKnife\UtilityKnife.csproj", "{4AB85ED9-6E49-4B9F-8B70-FB30B9E23A3E}"
EndProject
Global
	GlobalSection(SolutionConfigurationPlatforms) = preSolution
		Debug|Any CPU = Debug|Any CPU
		Release|Any CPU = Release|Any CPU
	EndGlobalSection
	GlobalSection(ProjectConfigurationPlatforms) = postSolution
		{4AB85ED9-6E49-4B9F-8B70-FB30B9E23A3E}.Debug|Any CPU.ActiveCfg = Debug|Any CPU
		{4AB85ED9-6E49-4B9F-8B70-FB30B9E23A3E}.Debug|Any CPU.Build.0 = Debug|Any CPU
		{4AB85ED9-6E49-4B9F-8B70-FB30B9E23A3E}.Release|Any CPU.ActiveCfg = Release|Any CPU
		{4AB85ED9-6E49-4B9F-8B70-FB30B9E23A3E}.Release|Any CPU.Build.0 = Release|Any CPU
	EndGlobalSection
	GlobalSection(SolutionProperties) = preSolution
		HideSolutionNode = FALSE
	EndGlobalSection
	GlobalSection(ExtensibilityGlobals) = postSolution
		SolutionGuid = {D3764FCE-199C-4055-9A15-3AF58C5F3CAE}
	EndGlobalSection
EndGlobal
